<?xml version="1.0" encoding="utf-8"?>
<Project ToolsVersion="4.0" xmlns="http://schemas.microsoft.com/developer/msbuild/2003">
  <ItemGroup>
    <Filter Include="源文件">
      <UniqueIdentifier>{4FC737F1-C7A5-4376-A066-2A32D752A2FF}</UniqueIdentifier>
      <Extensions>cpp;c;cc;cxx;def;odl;idl;hpj;bat;asm;asmx</Extensions>
    </Filter>
    <Filter Include="头文件">
      <UniqueIdentifier>{93995380-89BD-4b04-88EB-625FBE52EBFB}</UniqueIdentifier>
      <Extensions>h;hpp;hxx;hm;inl;inc;xsd</Extensions>
    </Filter>
    <Filter Include="资源文件">
      <UniqueIdentifier>{67DA6AB6-F800-4c08-8B7A-83BB121AAD01}</UniqueIdentifier>
      <Extensions>rc;ico;cur;bmp;dlg;rc2;rct;bin;rgs;gif;jpg;jpeg;jpe;resx;tiff;tif;png;wav;mfcribbon-ms</Extensions>
    </Filter>
    <Filter Include="头文件\DynamicProgramming">
      <UniqueIdentifier>{9fcaf068-7fca-4a30-9806-75c02921ee56}</UniqueIdentifier>
    </Filter>
    <Filter Include="头文件\Tree">
      <UniqueIdentifier>{83543a6d-f5bc-4725-8de1-6ed877637ce6}</UniqueIdentifier>
    </Filter>
    <Filter Include="头文件\Sort">
      <UniqueIdentifier>{381fc453-9aac-400d-a032-f87c33467d3e}</UniqueIdentifier>
    </Filter>
    <Filter Include="头文件\DataStructure">
      <UniqueIdentifier>{f4854496-d02c-4fcc-9369-27d0af6502a5}</UniqueIdentifier>
    </Filter>
    <Filter Include="头文件\OrderStatistic">
      <UniqueIdentifier>{8bb780c0-dc9f-4aa6-bb01-74476becfc93}</UniqueIdentifier>
    </Filter>
    <Filter Include="头文件\GreedyAlgorithm">
      <UniqueIdentifier>{78e84f15-a5ab-4972-aea0-0afedb236151}</UniqueIdentifier>
    </Filter>
    <Filter Include="头文件\Graph">
      <UniqueIdentifier>{3620ed8f-ebb2-4fe7-89d5-986855e3a8d0}</UniqueIdentifier>
    </Filter>
    <Filter Include="头文件\ComputationalGeometry">
      <UniqueIdentifier>{8b50ba23-120d-4dca-acc9-e99dc2e1897b}</UniqueIdentifier>
    </Filter>
    <Filter Include="头文件\Exercises">
      <UniqueIdentifier>{fb5f90e1-2167-41bb-8f7e-ea3fa83fed74}</UniqueIdentifier>
    </Filter>
  </ItemGroup>
  <ItemGroup>
    <None Include="ReadMe.txt" />
    <None Include="Chapter2.txt">
      <Filter>头文件\Exercises</Filter>
    </None>
  </ItemGroup>
  <ItemGroup>
    <ClInclude Include="stdafx.h">
      <Filter>头文件</Filter>
    </ClInclude>
    <ClInclude Include="targetver.h">
      <Filter>头文件</Filter>
    </ClInclude>
    <ClInclude Include="SteelCutting.h">
      <Filter>头文件\DynamicProgramming</Filter>
    </ClInclude>
    <ClInclude Include="LongestCommonSubSequence.h">
      <Filter>头文件\DynamicProgramming</Filter>
    </ClInclude>
    <ClInclude Include="MatrixChainMultiplication.h">
      <Filter>头文件\DynamicProgramming</Filter>
    </ClInclude>
    <ClInclude Include="Tree.h">
      <Filter>头文件\Tree</Filter>
    </ClInclude>
    <ClInclude Include="TreeNode.h">
      <Filter>头文件\Tree</Filter>
    </ClInclude>
    <ClInclude Include="RedBlackTreeNode.h">
      <Filter>头文件\Tree</Filter>
    </ClInclude>
    <ClInclude Include="RedBlackTree.h">
      <Filter>头文件\Tree</Filter>
    </ClInclude>
    <ClInclude Include="OrderStatisticTreeNode.h">
      <Filter>头文件\Tree</Filter>
    </ClInclude>
    <ClInclude Include="OrderStatisticTree.h">
      <Filter>头文件\Tree</Filter>
    </ClInclude>
    <ClInclude Include="BuckedSort.h">
      <Filter>头文件\Sort</Filter>
    </ClInclude>
    <ClInclude Include="CountingSort.h">
      <Filter>头文件\Sort</Filter>
    </ClInclude>
    <ClInclude Include="HeapSort.h">
      <Filter>头文件\Sort</Filter>
    </ClInclude>
    <ClInclude Include="IntervalTreeNode.h">
      <Filter>头文件\Tree</Filter>
    </ClInclude>
    <ClInclude Include="IntervalTree.h">
      <Filter>头文件\Tree</Filter>
    </ClInclude>
    <ClInclude Include="QuickSort.h">
      <Filter>头文件\Sort</Filter>
    </ClInclude>
    <ClInclude Include="RadixSort.h">
      <Filter>头文件\Sort</Filter>
    </ClInclude>
    <ClInclude Include="Queue_.h">
      <Filter>头文件\DataStructure</Filter>
    </ClInclude>
    <ClInclude Include="Stack_.h">
      <Filter>头文件\DataStructure</Filter>
    </ClInclude>
    <ClInclude Include="LinkedListNode.h">
      <Filter>头文件\DataStructure</Filter>
    </ClInclude>
    <ClInclude Include="LinkedList.h">
      <Filter>头文件\DataStructure</Filter>
    </ClInclude>
    <ClInclude Include="Heap.h">
      <Filter>头文件\DataStructure</Filter>
    </ClInclude>
    <ClInclude Include="InsertionSort.h">
      <Filter>头文件\Sort</Filter>
    </ClInclude>
    <ClInclude Include="OrderStatistic.h">
      <Filter>头文件\OrderStatistic</Filter>
    </ClInclude>
    <ClInclude Include="FiveSeparate.h">
      <Filter>头文件\OrderStatistic</Filter>
    </ClInclude>
    <ClInclude Include="OptimalBinarySearchTree.h">
      <Filter>头文件\DynamicProgramming</Filter>
    </ClInclude>
    <ClInclude Include="Print.h">
      <Filter>头文件</Filter>
    </ClInclude>
    <ClInclude Include="Test.h">
      <Filter>头文件</Filter>
    </ClInclude>
    <ClInclude Include="ActivitySelector.h">
      <Filter>头文件\GreedyAlgorithm</Filter>
    </ClInclude>
    <ClInclude Include="HuffmanCode.h">
      <Filter>头文件\GreedyAlgorithm</Filter>
    </ClInclude>
    <ClInclude Include="MaxPriorityQueue.h">
      <Filter>头文件\DataStructure</Filter>
    </ClInclude>
    <ClInclude Include="MinPriorityQueue.h">
      <Filter>头文件\DataStructure</Filter>
    </ClInclude>
    <ClInclude Include="BTree.h">
      <Filter>头文件\Tree</Filter>
    </ClInclude>
    <ClInclude Include="BTreeNode.h">
      <Filter>头文件\Tree</Filter>
    </ClInclude>
    <ClInclude Include="FibonacciHeap.h">
      <Filter>头文件\DataStructure</Filter>
    </ClInclude>
    <ClInclude Include="HeapNode.h">
      <Filter>头文件\DataStructure</Filter>
    </ClInclude>
    <ClInclude Include="VEBTree.h">
      <Filter>头文件\Tree</Filter>
    </ClInclude>
    <ClInclude Include="VEBNode.h">
      <Filter>头文件\Tree</Filter>
    </ClInclude>
    <ClInclude Include="Vertex.h">
      <Filter>头文件\Graph</Filter>
    </ClInclude>
    <ClInclude Include="Graph.h">
      <Filter>头文件\Graph</Filter>
    </ClInclude>
    <ClInclude Include="Edge.h">
      <Filter>头文件\Graph</Filter>
    </ClInclude>
    <ClInclude Include="MinimumSpanningTree.h">
      <Filter>头文件\Graph</Filter>
    </ClInclude>
    <ClInclude Include="SingleSourceShortestPath.h">
      <Filter>头文件\Graph</Filter>
    </ClInclude>
    <ClInclude Include="AllPairsShortestPaths.h">
      <Filter>头文件\Graph</Filter>
    </ClInclude>
    <ClInclude Include="ElementaryGraphAlgorithms.h">
      <Filter>头文件\Graph</Filter>
    </ClInclude>
    <ClInclude Include="MaximumFlow.h">
      <Filter>头文件\Graph</Filter>
    </ClInclude>
    <ClInclude Include="LinkedListEx.h">
      <Filter>头文件\DataStructure</Filter>
    </ClInclude>
    <ClInclude Include="StringMatching.h">
      <Filter>头文件\Graph</Filter>
    </ClInclude>
    <ClInclude Include="Geometry.h">
      <Filter>头文件\ComputationalGeometry</Filter>
    </ClInclude>
    <ClInclude Include="Line.h">
      <Filter>头文件\ComputationalGeometry</Filter>
    </ClInclude>
    <ClInclude Include="Point.h">
      <Filter>头文件\ComputationalGeometry</Filter>
    </ClInclude>
    <ClInclude Include="Chapter2.h">
      <Filter>头文件\Exercises</Filter>
    </ClInclude>
    <ClInclude Include="MergeSort.h">
      <Filter>头文件\Sort</Filter>
    </ClInclude>
    <ClInclude Include="RandomArray.h">
      <Filter>头文件</Filter>
    </ClInclude>
  </ItemGroup>
  <ItemGroup>
    <ClCompile Include="stdafx.cpp">
      <Filter>源文件</Filter>
    </ClCompile>
    <ClCompile Include="Algorithm.cpp">
      <Filter>源文件</Filter>
    </ClCompile>
    <ClCompile Include="CountingSort.cpp">
      <Filter>源文件</Filter>
    </ClCompile>
    <ClCompile Include="RadixSort.cpp">
      <Filter>源文件</Filter>
    </ClCompile>
    <ClCompile Include="SteelCutting.cpp">
      <Filter>源文件</Filter>
    </ClCompile>
    <ClCompile Include="LongestCommonSubSequence.cpp">
      <Filter>源文件</Filter>
    </ClCompile>
    <ClCompile Include="MatrixChainMultiplication.cpp">
      <Filter>源文件</Filter>
    </ClCompile>
    <ClCompile Include="OptimalBinarySearchTree.cpp">
      <Filter>源文件</Filter>
    </ClCompile>
    <ClCompile Include="ActivitySelector.cpp">
      <Filter>源文件</Filter>
    </ClCompile>
    <ClCompile Include="HuffmanCode.cpp">
      <Filter>源文件</Filter>
    </ClCompile>
    <ClCompile Include="BTree.cpp">
      <Filter>源文件</Filter>
    </ClCompile>
    <ClCompile Include="FibonacciHeap.cpp">
      <Filter>源文件</Filter>
    </ClCompile>
    <ClCompile Include="VEBTree.cpp">
      <Filter>源文件</Filter>
    </ClCompile>
    <ClCompile Include="Graph.cpp">
      <Filter>源文件</Filter>
    </ClCompile>
    <ClCompile Include="MinimumSpanningTree.cpp">
      <Filter>源文件</Filter>
    </ClCompile>
    <ClCompile Include="SingleSourceShortestPath.cpp">
      <Filter>源文件</Filter>
    </ClCompile>
    <ClCompile Include="AllPairsShortestPaths.cpp">
      <Filter>源文件</Filter>
    </ClCompile>
    <ClCompile Include="MaximumFlow.cpp">
      <Filter>源文件</Filter>
    </ClCompile>
    <ClCompile Include="ElementaryGraphAlgorithms.cpp">
      <Filter>源文件</Filter>
    </ClCompile>
    <ClCompile Include="StringMatching.cpp">
      <Filter>源文件</Filter>
    </ClCompile>
    <ClCompile Include="Geometry.cpp">
      <Filter>源文件</Filter>
    </ClCompile>
  </ItemGroup>
</Project>